PODS:
  - ffmpeg-kit-ios-full (5.1)
  - ffmpeg_kit_flutter_full (5.1.0):
    - ffmpeg_kit_flutter_full/full (= 5.1.0)
    - Flutter
  - ffmpeg_kit_flutter_full/full (5.1.0):
    - ffmpeg-kit-ios-full (= 5.1)
    - Flutter
  - Flutter (1.0.0)
  - path_provider_ios (0.0.1):
    - Flutter
  - permission_handler_apple (9.0.4):
    - Flutter
  - receive_sharing_intent (0.0.1):
    - Flutter

DEPENDENCIES:
  - ffmpeg_kit_flutter_full (from `.symlinks/plugins/ffmpeg_kit_flutter_full/ios`)
  - Flutter (from `Flutter`)
  - path_provider_ios (from `.symlinks/plugins/path_provider_ios/ios`)
  - permission_handler_apple (from `.symlinks/plugins/permission_handler_apple/ios`)
  - receive_sharing_intent (from `.symlinks/plugins/receive_sharing_intent/ios`)

SPEC REPOS:
  trunk:
    - ffmpeg-kit-ios-full

EXTERNAL SOURCES:
  ffmpeg_kit_flutter_full:
    :path: ".symlinks/plugins/ffmpeg_kit_flutter_full/ios"
  Flutter:
    :path: Flutter
  path_provider_ios:
    :path: ".symlinks/plugins/path_provider_ios/ios"
  permission_handler_apple:
    :path: ".symlinks/plugins/permission_handler_apple/ios"
  receive_sharing_intent:
    :path: ".symlinks/plugins/receive_sharing_intent/ios"

SPEC CHECKSUMS:
  ffmpeg-kit-ios-full: 4a02624db22a9ea1e92e3b6707bffe67c76f4aad
  ffmpeg_kit_flutter_full: b68e3ec78737630f790d1eca5ea50f52044645ee
  Flutter: f04841e97a9d0b0a8025694d0796dd46242b2854
  path_provider_ios: 14f3d2fd28c4fdb42f44e0f751d12861c43cee02
  permission_handler_apple: 44366e37eaf29454a1e7b1b7d736c2cceaeb17ce
  receive_sharing_intent: c0d87310754e74c0f9542947e7cbdf3a0335a3b1

PODFILE CHECKSUM: 092ae9c2a47c76ce425f69283e41653ad4ba0983

COCOAPODS: 1.12.0
